
Microsoft Visual Studio Solution File, Format Version 12.00
# Visual Studio Version 17
VisualStudioVersion = 17.14.36518.9 d17.14
MinimumVisualStudioVersion = 10.0.40219.1
Project("{FAE04EC0-301F-11D3-BF4B-00C04F79EFBC}") = "backend", "backend.csproj", "{6CB21A93-43F8-434D-BA74-8FA4DCF80750}"
EndProject
Global
	GlobalSection(SolutionConfigurationPlatforms) = preSolution
		Debug|Any CPU = Debug|Any CPU
		Release|Any CPU = Release|Any CPU
	EndGlobalSection
	GlobalSection(ProjectConfigurationPlatforms) = postSolution
		{6CB21A93-43F8-434D-BA74-8FA4DCF80750}.Debug|Any CPU.ActiveCfg = Debug|Any CPU
		{6CB21A93-43F8-434D-BA74-8FA4DCF80750}.Debug|Any CPU.Build.0 = Debug|Any CPU
		{6CB21A93-43F8-434D-BA74-8FA4DCF80750}.Release|Any CPU.ActiveCfg = Release|Any CPU
		{6CB21A93-43F8-434D-BA74-8FA4DCF80750}.Release|Any CPU.Build.0 = Release|Any CPU
	EndGlobalSection
	GlobalSection(SolutionProperties) = preSolution
		HideSolutionNode = FALSE
	EndGlobalSection
	GlobalSection(ExtensibilityGlobals) = postSolution
		SolutionGuid = {992555E3-1DC2-4496-A473-FAE28C00D9AC}
	EndGlobalSection
EndGlobal
